engo.io/ecs v1.0.1 h1:Nae48hFjWjkRSyiV+FqjifG4+9+1fMyYncPCV4ZTwbQ=
engo.io/ecs v1.0.1/go.mod h1:G1vhQACcRIkUEqsKuaSyUBa6+cHYstEPUVtZGyZODkk=
engo.io/gl v1.0.1 h1:OTNy8JOVC69t7+sl/QV7Lx4uhHBl81Syh+hP3f93ACc=
engo.io/gl v1.0.1/go.mod h1:JPaSAX8E9NlC9jVs7bmJTciSCQHxk144g6N1Rw6xRXE=
engo.io/gl v1.0.2 h1:j0fAGdXHCKjiRJ+EYmUXfJe8ib8tS83z3V9GhibN9h8=
engo.io/gl v1.0.2/go.mod h1:JPaSAX8E9NlC9jVs7bmJTciSCQHxk144g6N1Rw6xRXE=
github.com/Noofbiz/glfwMojaveFix v0.0.0-20181213025913-c0ec0630b559 h1:stXW+5cdJ6mLfYsL7PYA9PoRzsHuTvxAz7ILqvNDAK0=
github.com/Noofbiz/glfwMojaveFix v0.0.0-20181213025913-c0ec0630b559/go.mod h1:NTfOoelFiHp38iK4KTLXG5gOcgSqrwi6n24cgHSwZDc=
github.com/Noofbiz/sdlMojaveFix v0.0.0-20181012231542-be64a2a84d07 h1:oZE6v8oP+DBap5jj2yXGs6HKYp48ZdU5ZOR++MuIgw0=
github.com/Noofbiz/sdlMojaveFix v0.0.0-20181012231542-be64a2a84d07/go.mod h1:ZvRLF4Dk75OnTtHfCMClqgwrX0u531XWaai0lNGzKWE=
github.com/Noofbiz/tmx v0.0.0-20181001154436-c9ede7f431ca h1:dp8xyuPzQ3NsXEZFfYiDMoklI2ilQS3CFpnOw/p/UiQ=
github.com/Noofbiz/tmx v0.0.0-20181001154436-c9ede7f431ca/go.mod h1:gL6mQUTp1Vi9pq/gmCgyotzJ35lOQF2C2NKJrQtltAE=
github.com/davecgh/go-spew v1.1.1 h1:vj9j/u1bqnvCEfJOwUhtlOARqs3+rkHYY13jYWTU97c=
github.com/davecgh/go-spew v1.1.1/go.mod h1:J7Y8YcW2NihsgmVo/mv3lAwl/skON4iLHjSsI+c5H38=
github.com/engoengine/math v1.0.1 h1:yccKgzzHH76GEqJ/mt59egRl70fTbDEM6Fvy20jGgTA=
github.com/engoengine/math v1.0.1/go.mod h1:5Q4qHspv3qnO83hv09Z2dNHaVqo+7YI5WWDIEXY/HE4=
github.com/go-gl/gl v0.0.0-20181026044259-55b76b7df9d2 h1:78Hza2KHn2PX1jdydQnffaU2A/xM0g3Nx1xmMdep9Gk=
github.com/go-gl/gl v0.0.0-20181026044259-55b76b7df9d2/go.mod h1:482civXOzJJCPzJ4ZOX/pwvXBWSnzD4OKMdH4ClKGbk=
github.com/go-gl/glfw v0.0.0-20181014061658-691ee1b84c51 h1:elGSwayRx7uAsfA5PnVKeTHh+AVsUTmas0CkHOw/DSk=
github.com/go-gl/glfw v0.0.0-20181014061658-691ee1b84c51/go.mod h1:vR7hzQXu2zJy9AVAgeJqvqgH9Q5CA+iKCZ2gyEVpxRU=
github.com/go-gl/mathgl v0.0.0-20180804195959-cdf14b6b8f8a h1:2n5w2v3knlspzjJWyQPC0j88Mwvq0SZV0Jdws34GJwc=
github.com/go-gl/mathgl v0.0.0-20180804195959-cdf14b6b8f8a/go.mod h1:dvrdneKbyWbK2skTda0nM4B9zSlS2GZSnjX7itr/skQ=
github.com/golang/freetype v0.0.0-20170609003504-e2365dfdc4a0 h1:DACJavvAHhabrF08vX0COfcOBJRhZ8lUbR+ZWIs0Y5g=
github.com/golang/freetype v0.0.0-20170609003504-e2365dfdc4a0/go.mod h1:E/TSTwGwJL78qG/PmXZO1EjYhfJinVAhrmmHX6Z8B9k=
github.com/gopherjs/gopherjs v0.0.0-20180628210949-0892b62f0d9f/go.mod h1:wJfORRmW1u3UXTncJ5qlYoELFm8eSnnEO6hX4iZ3EWY=
github.com/gopherjs/gopherjs v0.0.0-20180825215210-0210a2f0f73c h1:16eHWuMGvCjSfgRJKqIzapE78onvvTbdi1rMkU00lZw=
github.com/gopherjs/gopherjs v0.0.0-20180825215210-0210a2f0f73c/go.mod h1:wJfORRmW1u3UXTncJ5qlYoELFm8eSnnEO6hX4iZ3EWY=
github.com/gopherjs/gopherjs v0.0.0-20181103185306-d547d1d9531e h1:JKmoR8x90Iww1ks85zJ1lfDGgIiMDuIptTOhJq+zKyg=
github.com/gopherjs/gopherjs v0.0.0-20181103185306-d547d1d9531e/go.mod h1:wJfORRmW1u3UXTncJ5qlYoELFm8eSnnEO6hX4iZ3EWY=
github.com/gopherjs/gopherwasm v0.1.1/go.mod h1:kx4n9a+MzHH0BJJhvlsQ65hqLFXDO/m256AsaDPQ+/4=
github.com/gopherjs/gopherwasm v1.0.0 h1:32nge/RlujS1Im4HNCJPp0NbBOAeBXFuT1KonUuLl+Y=
github.com/gopherjs/gopherwasm v1.0.0/go.mod h1:SkZ8z7CWBz5VXbhJel8TxCmAcsQqzgWGR/8nMhyhZSI=
github.com/gopherjs/gopherwasm v1.0.1 h1:Gmj9RMDjh+P9EFzzQltoCtjAxR5mUkaJqaNPfeaNe2I=
github.com/gopherjs/gopherwasm v1.0.1/go.mod h1:SkZ8z7CWBz5VXbhJel8TxCmAcsQqzgWGR/8nMhyhZSI=
github.com/hajimehoshi/go-mp3 v0.1.1 h1:Y33fAdTma70fkrxnc9u50Uq0lV6eZ+bkAlssdMmCwUc=
github.com/hajimehoshi/go-mp3 v0.1.1/go.mod h1:4i+c5pDNKDrxl1iu9iG90/+fhP37lio6gNhjCx9WBJw=
github.com/hajimehoshi/oto v0.1.1/go.mod h1:hUiLWeBQnbDu4pZsAhOnGqMI1ZGibS6e2qhQdfpwz04=
github.com/hajimehoshi/oto v0.2.1 h1:8mn8yNgLE/irztYCw8iBaGMb2oxXwaNqDh85j9fk+X8=
github.com/hajimehoshi/oto v0.2.1/go.mod h1:0ZepxT+2KLDrCm1gdkKBCQCxr+8fgQqoh0I7g+kr040=
github.com/jfreymuth/oggvorbis v1.0.0 h1:aOpiihGrFLXpsh2osOlEvTcg5/aluzGQeC7m3uYWOZ0=
github.com/jfreymuth/oggvorbis v1.0.0/go.mod h1:abe6F9QRjuU9l+2jek3gj46lu40N4qlYxh2grqkLEDM=
github.com/jfreymuth/vorbis v1.0.0 h1:SmDf783s82lIjGZi8EGUUaS7YxPHgRj4ZXW/h7rUi7U=
github.com/jfreymuth/vorbis v1.0.0/go.mod h1:8zy3lUAm9K/rJJk223RKy6vjCZTWC61NA2QD06bfOE0=
github.com/pmezard/go-difflib v1.0.0 h1:4DBwDE0NGyQoBHbLQYPwSUPoCMWR5BEzIk/f1lZbAQM=
github.com/pmezard/go-difflib v1.0.0/go.mod h1:iKH77koFhYxTK1pcRnkKkqfTogsbg7gZNVY4sRDYZ/4=
github.com/stretchr/testify v1.2.2 h1:bSDNvY7ZPG5RlJ8otE/7V6gMiyenm9RtJ7IUVIAoJ1w=
github.com/stretchr/testify v1.2.2/go.mod h1:a8OnRcib4nhh0OaRAV+Yts87kKdq0PP7pXfy6kDkUVs=
github.com/veandco/go-sdl2 v0.3.0 h1:IWYkHMp8V3v37NsKjszln8FFnX2+ab0538J371t+rss=
github.com/veandco/go-sdl2 v0.3.0/go.mod h1:FB+kTpX9YTE+urhYiClnRzpOXbiWgaU3+5F2AB78DPg=
github.com/vulkan-go/glfw v0.0.0-20180930191036-cac57eedc4a5 h1:m2ubjBfoVgaHlyMAeZZYetN8HKDv+BQBgmbMN3XIMjY=
github.com/vulkan-go/glfw v0.0.0-20180930191036-cac57eedc4a5/go.mod h1:qui9jo5J26j9fXv2x3bySGThxYkQZt4SgsPIZRtZAbQ=
github.com/vulkan-go/vulkan v0.0.0-20181015060211-df48e8cc1538 h1:mS2FkUtbSHJ3Nd3TUlX88zQa5XsyUNFZ+BRD7ZwWkUI=
github.com/vulkan-go/vulkan v0.0.0-20181015060211-df48e8cc1538/go.mod h1:X6Qqg0j5A5cYHhFXUOl6TL/vYdyh/ajvyCvh+sEHQFI=
golang.org/x/exp v0.0.0-20180710024300-14dda7b62fcd/go.mod h1:CJ0aWSM057203Lf6IL+f9T1iT9GByDxfZKAQTCR3kQA=
golang.org/x/exp v0.0.0-20181210123644-7d6377eee41f h1:wJ3O7VtAmBlW5LFzggOI2U6CBWIkG+/IYf4Q/VGJdaA=
golang.org/x/exp v0.0.0-20181210123644-7d6377eee41f/go.mod h1:CJ0aWSM057203Lf6IL+f9T1iT9GByDxfZKAQTCR3kQA=
golang.org/x/image v0.0.0-20180708004352-c73c2afc3b81/go.mod h1:ux5Hcp/YLpHSI86hEcLt0YII63i6oz57MZXIpbrjZUs=
golang.org/x/image v0.0.0-20181116024801-cd38e8056d9b h1:VHyIDlv3XkfCa5/a81uzaoDkHH4rr81Z62g+xlnO8uM=
golang.org/x/image v0.0.0-20181116024801-cd38e8056d9b/go.mod h1:ux5Hcp/YLpHSI86hEcLt0YII63i6oz57MZXIpbrjZUs=
golang.org/x/mobile v0.0.0-20180806140643-507816974b79 h1:t2JRgCWkY7Qaa1J2jal+wqC9OjbyHCHwIA9rVlRUSMo=
golang.org/x/mobile v0.0.0-20180806140643-507816974b79/go.mod h1:z+o9i4GpDbdi3rU15maQ/Ox0txvL9dWGYEHz965HBQE=
golang.org/x/mobile v0.0.0-20181130133120-ca3c58166ed8 h1:Q/I0fOWMTCcD88KusB5RVd4ziMZD/oEXE0zPgTV43r8=
golang.org/x/mobile v0.0.0-20181130133120-ca3c58166ed8/go.mod h1:z+o9i4GpDbdi3rU15maQ/Ox0txvL9dWGYEHz965HBQE=
golang.org/x/sys v0.0.0-20180806082429-34b17bdb4300/go.mod h1:STP8DvDyc/dI5b8T5hshtkjS+E42TnysNCUPdjciGhY=
golang.org/x/sys v0.0.0-20181212120007-b05ddf57801d h1:G59MrP9Qg6bymPjN3yGmqnmuCEH1h0eFP8zpRpl1RiU=
golang.org/x/sys v0.0.0-20181212120007-b05ddf57801d/go.mod h1:STP8DvDyc/dI5b8T5hshtkjS+E42TnysNCUPdjciGhY=
