github.com/BurntSushi/xgb v0.0.0-20160522181843-27f122750802/go.mod h1:IVnqGOEym/WlBOVXweHU+Q+/VP0lqqI8lqeDx9IjBqo=
github.com/EngoEngine/ecs v1.0.5 h1:S21KTClrAqC862BFR5wTkd6uEYQ0Aw/ob9RjKPt0e30=
github.com/EngoEngine/ecs v1.0.5/go.mod h1:A8AYbzKIsl+t4qafmLL3t4H6cXdfGo4CIHl7EN100iM=
github.com/EngoEngine/gl v1.0.14 h1:OajI9wKoPDtvI6Q/Dso3PDXZkBFs/Kt5bPsnrGKMxgs=
github.com/EngoEngine/gl v1.0.14/go.mod h1:fr6+lbWXpFIecQCXdqpjHeOFns5JC2fluYvV84Kuxak=
github.com/EngoEngine/math v1.0.4 h1:ejDfSg48ynB9T6btiu9EHjZmpQgW/zHf3IeC7SqXXv8=
github.com/EngoEngine/math v1.0.4/go.mod h1:d8SnfwiaImse0lB3JuR91B2CShZmMxaTWaWZ/ZxDxAU=
github.com/Noofbiz/sdlMojaveFix v0.0.1 h1:Vz4HSG7QQ5gkOWeZsSUFCGJAvMoRUHloTwF80lF0a9M=
github.com/Noofbiz/sdlMojaveFix v0.0.1/go.mod h1:ZvRLF4Dk75OnTtHfCMClqgwrX0u531XWaai0lNGzKWE=
github.com/Noofbiz/tmx v0.2.0 h1:5bVZn4FN+8HVhvl2XmAiI9RFlo9/6xauhco1KGcJ+38=
github.com/Noofbiz/tmx v0.2.0/go.mod h1:gL6mQUTp1Vi9pq/gmCgyotzJ35lOQF2C2NKJrQtltAE=
github.com/creack/pty v1.1.9/go.mod h1:oKZEueFk5CKHvIhNR5MUki03XCEU+Q6VDXinZuGJ33E=
github.com/davecgh/go-spew v1.1.0 h1:ZDRjVQ15GmhC3fiQ8ni8+OwkZQO4DARzQgrnXU1Liz8=
github.com/davecgh/go-spew v1.1.0/go.mod h1:J7Y8YcW2NihsgmVo/mv3lAwl/skON4iLHjSsI+c5H38=
github.com/go-bindata/go-bindata v3.1.2+incompatible h1:5vjJMVhowQdPzjE1LdxyFF7YFTXg5IgGVW4gBr5IbvE=
github.com/go-bindata/go-bindata v3.1.2+incompatible/go.mod h1:xK8Dsgwmeed+BBsSy2XTopBn/8uK2HWuGSnA11C3Joo=
github.com/go-gl/gl v0.0.0-20211210172815-726fda9656d6 h1:zDw5v7qm4yH7N8C8uWd+8Ii9rROdgWxQuGoJ9WDXxfk=
github.com/go-gl/gl v0.0.0-20211210172815-726fda9656d6/go.mod h1:9YTyiznxEY1fVinfM7RvRcjRHbw2xLBJ3AAGIT0I4Nw=
github.com/go-gl/glfw/v3.3/glfw v0.0.0-20220806181222-55e207c401ad h1:kX51IjbsJPCvzV9jUoVQG9GEUqIq5hjfYzXTqQ52Rh8=
github.com/go-gl/glfw/v3.3/glfw v0.0.0-20220806181222-55e207c401ad/go.mod h1:tQ2UAYgL5IevRw8kRxooKSPJfGvJ9fJQFa0TUsXzTg8=
github.com/golang/freetype v0.0.0-20170609003504-e2365dfdc4a0 h1:DACJavvAHhabrF08vX0COfcOBJRhZ8lUbR+ZWIs0Y5g=
github.com/golang/freetype v0.0.0-20170609003504-e2365dfdc4a0/go.mod h1:E/TSTwGwJL78qG/PmXZO1EjYhfJinVAhrmmHX6Z8B9k=
github.com/hajimehoshi/go-mp3 v0.3.2 h1:xSYNE2F3lxtOu9BRjCWHHceg7S91IHfXfXp5+LYQI7s=
github.com/hajimehoshi/go-mp3 v0.3.2/go.mod h1:qMJj/CSDxx6CGHiZeCgbiq2DSUkbK0UbtXShQcnfyMM=
github.com/hajimehoshi/oto v0.6.1/go.mod h1:0QXGEkbuJRohbJaxr7ZQSxnju7hEhseiPx2hrh6raOI=
github.com/hajimehoshi/oto v0.7.1 h1:I7maFPz5MBCwiutOrz++DLdbr4rTzBsbBuV2VpgU9kk=
github.com/hajimehoshi/oto v0.7.1/go.mod h1:wovJ8WWMfFKvP587mhHgot/MBr4DnNy9m6EepeVGnos=
github.com/jfreymuth/oggvorbis v1.0.3 h1:MLNGGyhOMiVcvea9Dp5+gbs2SAwqwQbtrWnonYa0M0Y=
github.com/jfreymuth/oggvorbis v1.0.3/go.mod h1:1U4pqWmghcoVsCJJ4fRBKv9peUJMBHixthRlBeD6uII=
github.com/jfreymuth/vorbis v1.0.2 h1:m1xH6+ZI4thH927pgKD8JOH4eaGRm18rEE9/0WKjvNE=
github.com/jfreymuth/vorbis v1.0.2/go.mod h1:DoftRo4AznKnShRl1GxiTFCseHr4zR9BN3TWXyuzrqQ=
github.com/kr/pretty v0.2.0 h1:s5hAObm+yFO5uHYt5dYjxi2rXrsnmRpJx4OYvIWUaQs=
github.com/kr/pretty v0.2.0/go.mod h1:ipq/a2n7PKx3OHsz4KJII5eveXtPO4qwEXGdVfWzfnI=
github.com/kr/pty v1.1.1/go.mod h1:pFQYn66WHrOpPYNljwOMqo10TkYh1fy3cYio2l3bCsQ=
github.com/kr/text v0.1.0/go.mod h1:4Jbv+DJW3UT/LiOwJeYQe1efqtUx/iVham/4vfdArNI=
github.com/kr/text v0.2.0 h1:5Nx0Ya0ZqY2ygV366QzturHI13Jq95ApcVaJBhpS+AY=
github.com/kr/text v0.2.0/go.mod h1:eLer722TekiGuMkidMxC/pM04lWEeraHUUmBw8l2grE=
github.com/pmezard/go-difflib v1.0.0 h1:4DBwDE0NGyQoBHbLQYPwSUPoCMWR5BEzIk/f1lZbAQM=
github.com/pmezard/go-difflib v1.0.0/go.mod h1:iKH77koFhYxTK1pcRnkKkqfTogsbg7gZNVY4sRDYZ/4=
github.com/srwiley/oksvg v0.0.0-20210519022825-9fc0c575d5fe h1:J5Ga/gb+4/WgJBupg9Fp8F6JQnUT3UF+asoTweLi9Jc=
github.com/srwiley/oksvg v0.0.0-20210519022825-9fc0c575d5fe/go.mod h1:afMbS0qvv1m5tfENCwnOdZGOF8RGR/FsZ7bvBxQGZG4=
github.com/srwiley/rasterx v0.0.0-20210519020934-456a8d69b780 h1:oDMiXaTMyBEuZMU53atpxqYsSB3U1CHkeAu2zr6wTeY=
github.com/srwiley/rasterx v0.0.0-20210519020934-456a8d69b780/go.mod h1:mvWM0+15UqyrFKqdRjY6LuAVJR0HOVhJlEgZ5JWtSWU=
github.com/stretchr/objx v0.1.0/go.mod h1:HFkY916IF+rwdDfMAkV7OtwuqBVzrE8GR6GFx+wExME=
github.com/stretchr/testify v1.6.1/go.mod h1:6Fq8oRcR53rry900zMqJjRRixrwX3KX962/h/Wwjteg=
github.com/stretchr/testify v1.7.0 h1:nwc3DEeHmmLAfoZucVR881uASk0Mfjw8xYJ99tb5CcY=
github.com/stretchr/testify v1.7.0/go.mod h1:6Fq8oRcR53rry900zMqJjRRixrwX3KX962/h/Wwjteg=
github.com/veandco/go-sdl2 v0.4.25 h1:J5ac3KKOccp/0xGJA1PaNYKPUcZm19IxhDGs8lJofPI=
github.com/veandco/go-sdl2 v0.4.25/go.mod h1:OROqMhHD43nT4/i9crJukyVecjPNYYuCofep6SNiAjY=
github.com/vulkan-go/glfw v0.0.0-20210402172934-58379a80228d h1:ATkYUewjackCJzqJMjknP3Swp9aNj18A8P/eqSW19qQ=
github.com/vulkan-go/glfw v0.0.0-20210402172934-58379a80228d/go.mod h1:ZV+uQh1Pj/hAEWFAdC0ezZ8ws/ZSwroFi92meX6wwws=
github.com/vulkan-go/vulkan v0.0.0-20210402152248-956e3850d8f9 h1:WFujQpkMAAd8dqccEm10n8dly4yQ/R5d2+Us7GutowA=
github.com/vulkan-go/vulkan v0.0.0-20210402152248-956e3850d8f9/go.mod h1:Y5Ti1uUBdKDsb0W8aPtIo9krs+29Y7p6Bc9yyy4AM6g=
github.com/yuin/goldmark v1.4.0/go.mod h1:mwnBkeHKe2W/ZEtQ+71ViKU8L12m81fl3OWwC1Zlc8k=
golang.org/x/crypto v0.0.0-20190308221718-c2843e01d9a2/go.mod h1:djNgcEr1/C05ACkg1iLfiJU5Ep61QUkGW8qpdssI0+w=
golang.org/x/crypto v0.0.0-20190510104115-cbcb75029529/go.mod h1:yigFU9vqHzYiE8UmvKecakEJjdnWj3jj499lnFckfCI=
golang.org/x/crypto v0.0.0-20191011191535-87dc89f01550/go.mod h1:yigFU9vqHzYiE8UmvKecakEJjdnWj3jj499lnFckfCI=
golang.org/x/exp v0.0.0-20190306152737-a1d7652674e8/go.mod h1:CJ0aWSM057203Lf6IL+f9T1iT9GByDxfZKAQTCR3kQA=
golang.org/x/exp v0.0.0-20190731235908-ec7cb31e5a56/go.mod h1:JhuoJpWY28nO4Vef9tZUw9qufEGTyX1+7lmHxV5q5G4=
golang.org/x/exp/shiny v0.0.0-20220909182711-5c715a9e8561 h1:8W/Dbl5s1fDDBrILkB2nJdw6S+SqG/tm7W6gxS9XokQ=
golang.org/x/exp/shiny v0.0.0-20220909182711-5c715a9e8561/go.mod h1:VjAR7z0ngyATZTELrBSkxOOHhhlnVUxDye4mcjx5h/8=
golang.org/x/image v0.0.0-20190227222117-0694c2d4d067/go.mod h1:kZ7UVZpmo3dzQBMxlp+ypCbDeSB+sBbTgSJuh5dn5js=
golang.org/x/image v0.0.0-20190802002840-cff245a6509b/go.mod h1:FeLwcggjj3mMvU+oOTbSwawSJRM1uh48EjtB4UJZlP0=
golang.org/x/image v0.0.0-20220902085622-e7cb96979f69 h1:Lj6HJGCSn5AjxRAH2+r35Mir4icalbqku+CLUtjnvXY=
golang.org/x/image v0.0.0-20220902085622-e7cb96979f69/go.mod h1:doUCurBvlfPMKfmIpRIywoHmhN3VyhnoFDbvIEWF4hY=
golang.org/x/mobile v0.0.0-20190312151609-d3739f865fa6/go.mod h1:z+o9i4GpDbdi3rU15maQ/Ox0txvL9dWGYEHz965HBQE=
golang.org/x/mobile v0.0.0-20190415191353-3e0bab5405d6/go.mod h1:E/iHnbuqvinMTCcRqshq8CkpyQDoeVncDDYHnLhea+o=
golang.org/x/mobile v0.0.0-20220224134551-8a0a1e50732f/go.mod h1:pe2sM7Uk+2Su1y7u/6Z8KJ24D7lepUjFZbhFOrmDfuQ=
golang.org/x/mobile v0.0.0-20220722155234-aaac322e2105 h1:3vUV5x5+3LfQbgk7paCM6INOaJG9xXQbn79xoNkwfIk=
golang.org/x/mobile v0.0.0-20220722155234-aaac322e2105/go.mod h1:pe2sM7Uk+2Su1y7u/6Z8KJ24D7lepUjFZbhFOrmDfuQ=
golang.org/x/mod v0.1.0/go.mod h1:0QHyrYULN0/3qlju5TqG8bIK38QM8yzMo5ekMj3DlcY=
golang.org/x/mod v0.4.2/go.mod h1:s0Qsj1ACt9ePp/hMypM3fl4fZqREWJwdYDEqhRiZZUA=
golang.org/x/net v0.0.0-20190311183353-d8887717615a/go.mod h1:t9HGtf8HONx5eT2rtn7q6eTqICYqUVnKs3thJo3Qplg=
golang.org/x/net v0.0.0-20190404232315-eb5bcb51f2a3/go.mod h1:t9HGtf8HONx5eT2rtn7q6eTqICYqUVnKs3thJo3Qplg=
golang.org/x/net v0.0.0-20190620200207-3b0461eec859/go.mod h1:z5CRVTTTmAJ677TzLLGU+0bjPO0LkuOLi4/5GtJWs/s=
golang.org/x/net v0.0.0-20210805182204-aaa1db679c0d/go.mod h1:9nx3DQGgdP8bBQD5qxJ1jj9UTztislL4KSBs9R2vV5Y=
golang.org/x/net v0.7.0 h1:rJrUqqhjsgNp7KqAIc25s9pZnjU7TUcSY7HcVZjdn1g=
golang.org/x/net v0.7.0/go.mod h1:2Tu9+aMcznHK/AK1HMvgo6xiTLG5rD5rZLDS+rp2Bjs=
golang.org/x/sync v0.0.0-20190423024810-112230192c58/go.mod h1:RxMgew5VJxzue5/jJTE5uejpjVlOe/izrB70Jof72aM=
golang.org/x/sync v0.0.0-20210220032951-036812b2e83c/go.mod h1:RxMgew5VJxzue5/jJTE5uejpjVlOe/izrB70Jof72aM=
golang.org/x/sys v0.0.0-20190215142949-d0b11bdaac8a/go.mod h1:STP8DvDyc/dI5b8T5hshtkjS+E42TnysNCUPdjciGhY=
golang.org/x/sys v0.0.0-20190312061237-fead79001313/go.mod h1:h1NjWce9XRLGQEsW7wpKNCjG9DtNlClVuFLEZdDNbEs=
golang.org/x/sys v0.0.0-20190412213103-97732733099d/go.mod h1:h1NjWce9XRLGQEsW7wpKNCjG9DtNlClVuFLEZdDNbEs=
golang.org/x/sys v0.0.0-20190429190828-d89cdac9e872/go.mod h1:h1NjWce9XRLGQEsW7wpKNCjG9DtNlClVuFLEZdDNbEs=
golang.org/x/sys v0.0.0-20201119102817-f84b799fce68/go.mod h1:h1NjWce9XRLGQEsW7wpKNCjG9DtNlClVuFLEZdDNbEs=
golang.org/x/sys v0.0.0-20210423082822-04245dca01da/go.mod h1:h1NjWce9XRLGQEsW7wpKNCjG9DtNlClVuFLEZdDNbEs=
golang.org/x/sys v0.0.0-20210809222454-d867a43fc93e/go.mod h1:oPkhp1MJrh7nUepCBck5+mAzfO9JrbApNNgaTdGDITg=
golang.org/x/sys v0.5.0 h1:MUK/U/4lj1t1oPg0HfuXDN/Z1wv31ZJ/YcPiGccS4DU=
golang.org/x/sys v0.5.0/go.mod h1:oPkhp1MJrh7nUepCBck5+mAzfO9JrbApNNgaTdGDITg=
golang.org/x/term v0.0.0-20201126162022-7de9c90e9dd1/go.mod h1:bj7SfCRtBDWHUb9snDiAeCFNEtKQo2Wmx5Cou7ajbmo=
golang.org/x/text v0.3.0/go.mod h1:NqM8EUOU14njkJ3fqMW+pc6Ldnwhi/IjpwHt7yyuwOQ=
golang.org/x/text v0.3.6/go.mod h1:5Zoc/QRtKVWzQhOtBMvqHzDpF6irO9z98xDceosuGiQ=
golang.org/x/text v0.3.7/go.mod h1:u+2+/6zg+i71rQMx5EYifcz6MCKuco9NR6JIITiCfzQ=
golang.org/x/text v0.7.0 h1:4BRB4x83lYWy72KwLD/qYDuTu7q9PjSagHvijDw7cLo=
golang.org/x/text v0.7.0/go.mod h1:mrYo+phRRbMaCq/xk9113O4dZlRixOauAjOtrjsXDZ8=
golang.org/x/tools v0.0.0-20180917221912-90fa682c2a6e/go.mod h1:n7NCudcB/nEzxVGmLbDWY5pfWTLqBcC2KZ6jyYvM4mQ=
golang.org/x/tools v0.0.0-20190312151545-0bb0c0a6e846/go.mod h1:LCzVGOaR6xXOjkQ3onu1FJEFr0SW1gC7cKk1uF8kGRs=
golang.org/x/tools v0.0.0-20191119224855-298f0cb1881e/go.mod h1:b+2E5dAYhXwXZwtnZ6UAqBI28+e2cm9otk0dWdXHAEo=
golang.org/x/tools v0.1.8-0.20211022200916-316ba0b74098/go.mod h1:LGqMHiF4EqQNHR1JncWGqT5BVaXmza+X+BDGol+dOxo=
golang.org/x/xerrors v0.0.0-20190717185122-a985d3407aa7/go.mod h1:I/5z698sn9Ka8TeJc9MKroUUfqBBauWjQqLJ2OPfmY0=
golang.org/x/xerrors v0.0.0-20191011141410-1b5146add898/go.mod h1:I/5z698sn9Ka8TeJc9MKroUUfqBBauWjQqLJ2OPfmY0=
golang.org/x/xerrors v0.0.0-20200804184101-5ec99f83aff1/go.mod h1:I/5z698sn9Ka8TeJc9MKroUUfqBBauWjQqLJ2OPfmY0=
gopkg.in/check.v1 v0.0.0-20161208181325-20d25e280405/go.mod h1:Co6ibVJAznAaIkqp8huTwlJQCZ016jof/cbN4VW5Yz0=
gopkg.in/check.v1 v1.0.0-20190902080502-41f04d3bba15 h1:YR8cESwS4TdDjEe65xsg0ogRM/Nc3DYOhEAlW+xobZo=
gopkg.in/check.v1 v1.0.0-20190902080502-41f04d3bba15/go.mod h1:Co6ibVJAznAaIkqp8huTwlJQCZ016jof/cbN4VW5Yz0=
gopkg.in/yaml.v3 v3.0.0-20200313102051-9f266ea9e77c h1:dUUwHk2QECo/6vqA44rthZ8ie2QXMNeKRTHCNY2nXvo=
gopkg.in/yaml.v3 v3.0.0-20200313102051-9f266ea9e77c/go.mod h1:K4uyk7z7BCEPqu6E+C64Yfv1cQ7kz7rIZviUmN+EgEM=
